
Microsoft Visual Studio Solution File, Format Version 12.00
# Visual Studio 15
VisualStudioVersion = 15.0.28307.1082
MinimumVisualStudioVersion = 10.0.40219.1
Project("{FAE04EC0-301F-11D3-BF4B-00C04F79EFBC}") = "cadastro_aluno_atvd", "cadastro_aluno_atvd\cadastro_aluno_atvd.csproj", "{06705F41-FD58-4992-A9DF-175FA1EA59F0}"
EndProject
Global
	GlobalSection(SolutionConfigurationPlatforms) = preSolution
		Debug|Any CPU = Debug|Any CPU
		Release|Any CPU = Release|Any CPU
	EndGlobalSection
	GlobalSection(ProjectConfigurationPlatforms) = postSolution
		{06705F41-FD58-4992-A9DF-175FA1EA59F0}.Debug|Any CPU.ActiveCfg = Debug|Any CPU
		{06705F41-FD58-4992-A9DF-175FA1EA59F0}.Debug|Any CPU.Build.0 = Debug|Any CPU
		{06705F41-FD58-4992-A9DF-175FA1EA59F0}.Release|Any CPU.ActiveCfg = Release|Any CPU
		{06705F41-FD58-4992-A9DF-175FA1EA59F0}.Release|Any CPU.Build.0 = Release|Any CPU
	EndGlobalSection
	GlobalSection(SolutionProperties) = preSolution
		HideSolutionNode = FALSE
	EndGlobalSection
	GlobalSection(ExtensibilityGlobals) = postSolution
		SolutionGuid = {DAB472EF-34A5-4E60-8B33-9D8C7B7A46C0}
	EndGlobalSection
EndGlobal
